# DeepTRACE BENCHMARK-SCORER judge lock — v1
# I-deepfix-001 (GH #1344) WS-14 / fix I5 — the measurement-precondition judge lock.
#
# WHAT THIS IS
# ------------
# The DeepTRACE 8-metric scorer (scripts/dr_benchmark/deeptrace_scorer.py) builds a binary
# Factual-Support Matrix S[i][j] = "does listed source j support statement i?". That per-(statement,
# source) support DECISION is made by a JUDGE. This file locks WHICH judge makes that BENCHMARK
# decision, and under WHAT comparability policy a "#1 on DeepTRACE" claim is allowed.
#
# WHY IT IS SEPARATE FROM THE RUNTIME LOCK (closes Codex iter-2 novel P1)
# ----------------------------------------------------------------------
# This BENCHMARK-scorer judge is a DISTINCT role from the RUNTIME faithfulness-gating judge in
# config/architecture/polaris_runtime_lock.yaml (currently qwen/qwen3.6-35b-a3b, chosen for runtime
# stability + two-family segregation + sovereignty — NOT the properties a COMPARABLE benchmark number
# needs). Benchmark scoring is measurement, not runtime gating. Locking them separately keeps the
# runtime pipeline's model choice from silently deciding how a leaderboard number is produced.
#
# MUTATION / SIGNATURE POLICY (LAW VI config; operator is the only signer)
# ------------------------------------------------------------------------
#   - This lock is INERT until an operator signs it (signature.signed: true + operator + commit).
#   - scripts/dr_benchmark/deeptrace_judge_preflight.py FAILS LOUD (refuses to let any DeepTRACE
#     number be claimed) while this lock is unsigned, or while the locked judge lacks OpenRouter
#     provider headroom for the per-report statement-support call volume.
#   - Editing the model, comparability policy, or headroom floor requires a fresh operator signature.

version: 1
schema_version: 1.0

purpose: |
  Operator-signed benchmark-scorer judge lock for the DeepTRACE re-implementation. Distinct from the
  runtime faithfulness-gating judge lock. Gates whether a DeepTRACE number is claimable at all.

distinct_from_runtime_lock: true
runtime_lock_ref: config/architecture/polaris_runtime_lock.yaml

# === the benchmark-scorer judge ===
# Recommended default is a HIGH-provider-availability open reasoner (availability is binding: the
# statement-support judge runs ~one call PER (statement, listed-source) support cell, so many calls
# per report — a low-provider model 429s and the support matrix comes back partial). The operator
# fills/confirms the model and SIGNS. Two-family segregation vs the RUNTIME generator still holds.
benchmark_judge:
  model_slug: moonshotai/kimi-k2.6
  family: moonshot
  provider_selection: highest_operational_provider_count
  role_description: |
    Builds the binary Factual-Support Matrix for the DeepTRACE scorer (statement x listed-source).
    Not a runtime gate — a measurement judge. It never edits the pipeline output; it only scores it.

# === comparability policy (BINDING) ===
# "#1 on DeepTRACE" is claimable ONLY if POLARIS AND every competitor are scored by the SAME
# benchmark judge on the SAME task set. Pick exactly ONE honest path and disclose it:
#   paper_judge  — use the paper's judge policy (GPT-5-class) so the number is directly comparable
#                  to the paper's PUBLISHED competitor scores.
#   self_rescore — POLARIS re-scores EVERY competitor report itself with THIS benchmark judge; a fair
#                  RELATIVE comparison whose ABSOLUTE numbers are disclosed as NOT the paper's numbers.
# NEVER compare a self_rescore POLARIS number against a paper-published competitor number.
comparability:
  policy: self_rescore
  competitors_rescored_with_same_judge: true
  absolute_numbers_disclosed_as_non_paper: true
  never_mix_self_and_paper_numbers: true

# === provider / headroom preflight floor ===
# The statement-support call volume per report is large, so the locked judge must have real OpenRouter
# provider redundancy. The preflight counts OPERATIONAL endpoints for benchmark_judge.model_slug and
# fails loud below this floor.
provider_headroom:
  min_operational_provider_count: 8
  expected_statement_support_calls_per_report: 178
  rationale: |
    ~178 statement-support decisions per drb_72-class report under concurrency. Below ~8 operational
    providers the judge 429s and the Factual-Support Matrix returns partial -> a wrong DeepTRACE
    number. 8 is the measured floor at which kimi-k2.6 sustained the call burst without partials.

# === honesty flags surfaced with every number ===
disclosure:
  is_reimplementation: true
  no_public_official_scorer: true
  judge_is_substitution_for_paper_gpt5: true

# === operator signature (INERT until signed) ===
# Operator accepted in-session (voice/chat, "I accept") on 2026-07-04 UTC. The operator accepts:
#   (1) moonshotai/kimi-k2.6 as the benchmark-scorer judge;
#   (2) comparability policy = self_rescore — POLARIS re-scores EVERY competitor with THIS same judge,
#       and absolute numbers are disclosed as NOT the paper's published GPT-5 numbers (never mixed);
#   (3) disclosure = this is POLARIS's re-implementation of DeepTRACE, not the paper's official scorer.
# Recorded by the assistant on the operator's explicit acceptance; provider-headroom (>=8 operational
# providers) is still enforced at preflight time against live OpenRouter before any number is claimed.
signature:
  signed: true
  operator: aldrin.or@c-polarbiotech.com
  signed_at_utc: 2026-07-04T03:51:03Z
  signed_commit: 8e9811bb5c447c30303651b67b4153c38807fc19
